
Microsoft Visual Studio Solution File, Format Version 12.00
# Visual Studio Version 17
VisualStudioVersion = 17.13.35825.156 d17.13
MinimumVisualStudioVersion = 10.0.40219.1
Project("{FAE04EC0-301F-11D3-BF4B-00C04F79EFBC}") = "Producer", "Producer\Producer.csproj", "{167C0871-206C-4686-BE52-ABF71A2D194F}"
EndProject
Project("{FAE04EC0-301F-11D3-BF4B-00C04F79EFBC}") = "Consumer", "Consumer\Consumer.csproj", "{356E9CC1-7AD0-4BFF-9A0F-0FC781580132}"
EndProject
Global
	GlobalSection(SolutionConfigurationPlatforms) = preSolution
		Debug|Any CPU = Debug|Any CPU
		Release|Any CPU = Release|Any CPU
	EndGlobalSection
	GlobalSection(ProjectConfigurationPlatforms) = postSolution
		{167C0871-206C-4686-BE52-ABF71A2D194F}.Debug|Any CPU.ActiveCfg = Debug|Any CPU
		{167C0871-206C-4686-BE52-ABF71A2D194F}.Debug|Any CPU.Build.0 = Debug|Any CPU
		{167C0871-206C-4686-BE52-ABF71A2D194F}.Release|Any CPU.ActiveCfg = Release|Any CPU
		{167C0871-206C-4686-BE52-ABF71A2D194F}.Release|Any CPU.Build.0 = Release|Any CPU
		{356E9CC1-7AD0-4BFF-9A0F-0FC781580132}.Debug|Any CPU.ActiveCfg = Debug|Any CPU
		{356E9CC1-7AD0-4BFF-9A0F-0FC781580132}.Debug|Any CPU.Build.0 = Debug|Any CPU
		{356E9CC1-7AD0-4BFF-9A0F-0FC781580132}.Release|Any CPU.ActiveCfg = Release|Any CPU
		{356E9CC1-7AD0-4BFF-9A0F-0FC781580132}.Release|Any CPU.Build.0 = Release|Any CPU
	EndGlobalSection
	GlobalSection(SolutionProperties) = preSolution
		HideSolutionNode = FALSE
	EndGlobalSection
	GlobalSection(ExtensibilityGlobals) = postSolution
		SolutionGuid = {AF7A31BB-302E-4771-9729-944736CBB2AA}
	EndGlobalSection
EndGlobal
